
Microsoft Visual Studio Solution File, Format Version 12.00
# Visual Studio 2012
Project("{FAE04EC0-301F-11D3-BF4B-00C04F79EFBC}") = "JavaCompiler", "JavaCompiler\JavaCompiler.csproj", "{60278769-F389-4390-A4D7-DFDC34757AB7}"
EndProject
Project("{FAE04EC0-301F-11D3-BF4B-00C04F79EFBC}") = "JavaCompiler.Console", "JavaCompiler.Console\JavaCompiler.Console.csproj", "{EE24CB0E-95B9-4F2C-9AC1-582B9B4AA1C7}"
EndProject
Global
	GlobalSection(SolutionConfigurationPlatforms) = preSolution
		Debug|Any CPU = Debug|Any CPU
		Release|Any CPU = Release|Any CPU
	EndGlobalSection
	GlobalSection(ProjectConfigurationPlatforms) = postSolution
		{60278769-F389-4390-A4D7-DFDC34757AB7}.Debug|Any CPU.ActiveCfg = Debug|Any CPU
		{60278769-F389-4390-A4D7-DFDC34757AB7}.Debug|Any CPU.Build.0 = Debug|Any CPU
		{60278769-F389-4390-A4D7-DFDC34757AB7}.Release|Any CPU.ActiveCfg = Release|Any CPU
		{60278769-F389-4390-A4D7-DFDC34757AB7}.Release|Any CPU.Build.0 = Release|Any CPU
		{EE24CB0E-95B9-4F2C-9AC1-582B9B4AA1C7}.Debug|Any CPU.ActiveCfg = Debug|Any CPU
		{EE24CB0E-95B9-4F2C-9AC1-582B9B4AA1C7}.Debug|Any CPU.Build.0 = Debug|Any CPU
		{EE24CB0E-95B9-4F2C-9AC1-582B9B4AA1C7}.Release|Any CPU.ActiveCfg = Release|Any CPU
		{EE24CB0E-95B9-4F2C-9AC1-582B9B4AA1C7}.Release|Any CPU.Build.0 = Release|Any CPU
	EndGlobalSection
	GlobalSection(SolutionProperties) = preSolution
		HideSolutionNode = FALSE
	EndGlobalSection
EndGlobal
